%{
  "monad_cps": {:hex, :monad_cps, "0.1.0", "50c3a3a723091a27c42f30f80df79018aafc2b5a569db49bdb6eb2d3d34ad133", [:mix], [], "hexpm", "0244addc8d3e620c4c665400bcbd6d55a163712ad40c8b8c06dca6a427191923"},
  "typed_struct": {:hex, :typed_struct, "0.1.4", "25971ce73a8b336dedf2f80e4dafaab111af127ba4773955b66805c89e197f6a", [:mix], [], "hexpm", "c48b743b1812189431e0280941790af150ae5372f7ac51e7097c03a261a35bd6"},
}
